
Microsoft Visual Studio Solution File, Format Version 11.00
# Visual Studio 2010
Project("{8BC9CEB8-8B4A-11D0-8D11-00A0C91BC942}") = "Lab5", "Lab5\Lab5.vcxproj", "{E9982422-C65B-4951-ADE7-6E719CBD6D43}"
EndProject
Global
	GlobalSection(SolutionConfigurationPlatforms) = preSolution
		Debug|Win32 = Debug|Win32
		Release|Win32 = Release|Win32
	EndGlobalSection
	GlobalSection(ProjectConfigurationPlatforms) = postSolution
		{E9982422-C65B-4951-ADE7-6E719CBD6D43}.Debug|Win32.ActiveCfg = Debug|Win32
		{E9982422-C65B-4951-ADE7-6E719CBD6D43}.Debug|Win32.Build.0 = Debug|Win32
		{E9982422-C65B-4951-ADE7-6E719CBD6D43}.Release|Win32.ActiveCfg = Release|Win32
		{E9982422-C65B-4951-ADE7-6E719CBD6D43}.Release|Win32.Build.0 = Release|Win32
	EndGlobalSection
	GlobalSection(SolutionProperties) = preSolution
		HideSolutionNode = FALSE
	EndGlobalSection
EndGlobal
