<?xml version="1.0" encoding="utf-8"?>
<Project ToolsVersion="4.0" xmlns="http://schemas.microsoft.com/developer/msbuild/2003">
  <ItemGroup>
    <Filter Include="Source Files">
      <UniqueIdentifier>{be562233-8d5a-4a48-86d3-9d29e60016b1}</UniqueIdentifier>
      <Extensions>cpp;c;cxx;rc;def;r;odl;idl;hpj;bat</Extensions>
    </Filter>
    <Filter Include="Header Files">
      <UniqueIdentifier>{084e6a3f-7536-469d-85f9-dc81282045e1}</UniqueIdentifier>
      <Extensions>h;hpp;hxx;hm;inl</Extensions>
    </Filter>
    <Filter Include="Resource Files">
      <UniqueIdentifier>{5920ef29-dfaf-4056-90b1-5d82e65d51cd}</UniqueIdentifier>
      <Extensions>ico;cur;bmp;dlg;rc2;rct;bin;rgs;gif;jpg;jpeg;jpe</Extensions>
    </Filter>
  </ItemGroup>
  <ItemGroup>
    <ClCompile Include="automat.cpp">
      <Filter>Source Files</Filter>
    </ClCompile>
    <ClCompile Include="index.cpp">
      <Filter>Source Files</Filter>
    </ClCompile>
    <ClCompile Include="langio.cpp">
      <Filter>Source Files</Filter>
    </ClCompile>
    <ClCompile Include="lexan.cpp">
      <Filter>Source Files</Filter>
    </ClCompile>
    <ClCompile Include="parsC.cpp">
      <Filter>Source Files</Filter>
    </ClCompile>
    <ClCompile Include="parsP.cpp">
      <Filter>Source Files</Filter>
    </ClCompile>
    <ClCompile Include="parsV.cpp">
      <Filter>Source Files</Filter>
    </ClCompile>
    <ClCompile Include="spLb4.cpp">
      <Filter>Source Files</Filter>
    </ClCompile>
    <ClCompile Include="StdAfx.cpp">
      <Filter>Source Files</Filter>
    </ClCompile>
    <ClCompile Include="tables.cpp">
      <Filter>Source Files</Filter>
    </ClCompile>
    <ClCompile Include="..\spLb3\visgrp.cpp">
      <Filter>Source Files</Filter>
    </ClCompile>
  </ItemGroup>
  <ItemGroup>
    <ClInclude Include="automat.h">
      <Filter>Header Files</Filter>
    </ClInclude>
    <ClInclude Include="index.h">
      <Filter>Header Files</Filter>
    </ClInclude>
    <ClInclude Include="langio.h">
      <Filter>Header Files</Filter>
    </ClInclude>
    <ClInclude Include="lexan.h">
      <Filter>Header Files</Filter>
    </ClInclude>
    <ClInclude Include="..\spLb7\seman.h">
      <Filter>Header Files</Filter>
    </ClInclude>
    <ClInclude Include="StdAfx.h">
      <Filter>Header Files</Filter>
    </ClInclude>
    <ClInclude Include="tables.h">
      <Filter>Header Files</Filter>
    </ClInclude>
    <ClInclude Include="..\spLb3\visgrp.h">
      <Filter>Header Files</Filter>
    </ClInclude>
  </ItemGroup>
  <ItemGroup>
    <CustomBuild Include="ReadMe.txt" />
  </ItemGroup>
</Project>