
Microsoft Visual Studio Solution File, Format Version 11.00
# Visual Studio 2010
Project("{8BC9CEB8-8B4A-11D0-8D11-00A0C91BC942}") = "dremov_lab8", "dremov_lab8\dremov_lab8.vcxproj", "{D872B911-F0D4-4B04-B8C0-8F87DCB4BAAD}"
EndProject
Global
	GlobalSection(SolutionConfigurationPlatforms) = preSolution
		Debug|Win32 = Debug|Win32
		Release|Win32 = Release|Win32
	EndGlobalSection
	GlobalSection(ProjectConfigurationPlatforms) = postSolution
		{D872B911-F0D4-4B04-B8C0-8F87DCB4BAAD}.Debug|Win32.ActiveCfg = Debug|Win32
		{D872B911-F0D4-4B04-B8C0-8F87DCB4BAAD}.Debug|Win32.Build.0 = Debug|Win32
		{D872B911-F0D4-4B04-B8C0-8F87DCB4BAAD}.Release|Win32.ActiveCfg = Release|Win32
		{D872B911-F0D4-4B04-B8C0-8F87DCB4BAAD}.Release|Win32.Build.0 = Release|Win32
	EndGlobalSection
	GlobalSection(SolutionProperties) = preSolution
		HideSolutionNode = FALSE
	EndGlobalSection
EndGlobal
