Microsoft Visual Studio Solution File, Format Version 8.00
Project("{8BC9CEB8-8B4A-11D0-8D11-00A0C91BC942}") = "Transputer", "Transputer.vcproj", "{AD8D2BB9-7C74-4560-8D85-0E025E4DBB0F}"
	ProjectSection(ProjectDependencies) = postProject
	EndProjectSection
EndProject
Global
	GlobalSection(SolutionConfiguration) = preSolution
		Debug = Debug
		Release = Release
	EndGlobalSection
	GlobalSection(ProjectConfiguration) = postSolution
		{AD8D2BB9-7C74-4560-8D85-0E025E4DBB0F}.Debug.ActiveCfg = Debug|Win32
		{AD8D2BB9-7C74-4560-8D85-0E025E4DBB0F}.Debug.Build.0 = Debug|Win32
		{AD8D2BB9-7C74-4560-8D85-0E025E4DBB0F}.Release.ActiveCfg = Release|Win32
		{AD8D2BB9-7C74-4560-8D85-0E025E4DBB0F}.Release.Build.0 = Release|Win32
	EndGlobalSection
	GlobalSection(ExtensibilityGlobals) = postSolution
	EndGlobalSection
	GlobalSection(ExtensibilityAddIns) = postSolution
	EndGlobalSection
EndGlobal
