
Microsoft Visual Studio Solution File, Format Version 10.00
# Visual Studio 2008
Project("{8BC9CEB8-8B4A-11D0-8D11-00A0C91BC942}") = "Kurs", "Kurs.vcproj", "{21F55620-D887-4F78-85ED-06CB41535CBD}"
EndProject
Global
	GlobalSection(SolutionConfigurationPlatforms) = preSolution
		Debug|Win32 = Debug|Win32
		Release|Win32 = Release|Win32
	EndGlobalSection
	GlobalSection(ProjectConfigurationPlatforms) = postSolution
		{21F55620-D887-4F78-85ED-06CB41535CBD}.Debug|Win32.ActiveCfg = Debug|Win32
		{21F55620-D887-4F78-85ED-06CB41535CBD}.Debug|Win32.Build.0 = Debug|Win32
		{21F55620-D887-4F78-85ED-06CB41535CBD}.Release|Win32.ActiveCfg = Release|Win32
		{21F55620-D887-4F78-85ED-06CB41535CBD}.Release|Win32.Build.0 = Release|Win32
	EndGlobalSection
	GlobalSection(SolutionProperties) = preSolution
		HideSolutionNode = FALSE
	EndGlobalSection
EndGlobal
