<?xml version="1.0" encoding="utf-8"?>
<Project ToolsVersion="4.0" xmlns="http://schemas.microsoft.com/developer/msbuild/2003">
  <ItemGroup>
    <Filter Include="Source Files">
      <UniqueIdentifier>{9253166a-d27c-4365-9276-ae743e583d47}</UniqueIdentifier>
      <Extensions>cpp;c;cxx;rc;def;r;odl;idl;hpj;bat</Extensions>
    </Filter>
    <Filter Include="Header Files">
      <UniqueIdentifier>{a2032380-b6ca-4e2d-ab46-bdfc99aa4d9d}</UniqueIdentifier>
      <Extensions>h;hpp;hxx;hm;inl</Extensions>
    </Filter>
    <Filter Include="Resource Files">
      <UniqueIdentifier>{a8cc0dc4-f0cf-49e0-a3b9-91818e2167bc}</UniqueIdentifier>
      <Extensions>ico;cur;bmp;dlg;rc2;rct;bin;rgs;gif;jpg;jpeg;jpe</Extensions>
    </Filter>
  </ItemGroup>
  <ItemGroup>
    <ClCompile Include="..\spLb4\index.cpp">
      <Filter>Source Files</Filter>
    </ClCompile>
    <ClCompile Include="..\spLb4\langio.cpp">
      <Filter>Source Files</Filter>
    </ClCompile>
    <ClCompile Include="..\spLb4\lexan.cpp">
      <Filter>Source Files</Filter>
    </ClCompile>
    <ClCompile Include="operSpc.cpp">
      <Filter>Source Files</Filter>
    </ClCompile>
    <ClCompile Include="parpC.cpp">
      <Filter>Source Files</Filter>
    </ClCompile>
    <ClCompile Include="parpP.cpp">
      <Filter>Source Files</Filter>
    </ClCompile>
    <ClCompile Include="..\spLb4\parsC.cpp">
      <Filter>Source Files</Filter>
    </ClCompile>
    <ClCompile Include="..\spLb4\parsP.cpp">
      <Filter>Source Files</Filter>
    </ClCompile>
    <ClCompile Include="spLb5.cpp">
      <Filter>Source Files</Filter>
    </ClCompile>
    <ClCompile Include="StdAfx.cpp">
      <Filter>Source Files</Filter>
    </ClCompile>
    <ClCompile Include="syntaxP.cpp">
      <Filter>Source Files</Filter>
    </ClCompile>
    <ClCompile Include="..\spLb4\tables.cpp">
      <Filter>Source Files</Filter>
    </ClCompile>
    <ClCompile Include="..\spLb3\visgrp.cpp">
      <Filter>Source Files</Filter>
    </ClCompile>
  </ItemGroup>
  <ItemGroup>
    <ClInclude Include="StdAfx.h">
      <Filter>Header Files</Filter>
    </ClInclude>
    <ClInclude Include="syntaxP.h">
      <Filter>Header Files</Filter>
    </ClInclude>
  </ItemGroup>
  <ItemGroup>
    <None Include="ClassDiagram1.cd" />
    <None Include="ReadMe.txt" />
  </ItemGroup>
</Project>