
Microsoft Visual Studio Solution File, Format Version 11.00
# Visual Studio 2010
Project("{8BC9CEB8-8B4A-11D0-8D11-00A0C91BC942}") = "Lab3", "Lab3\Lab3.vcxproj", "{D44AB61B-6F97-4DD2-ADE6-90517E281DBB}"
EndProject
Global
	GlobalSection(SolutionConfigurationPlatforms) = preSolution
		Debug|Win32 = Debug|Win32
		Release|Win32 = Release|Win32
	EndGlobalSection
	GlobalSection(ProjectConfigurationPlatforms) = postSolution
		{D44AB61B-6F97-4DD2-ADE6-90517E281DBB}.Debug|Win32.ActiveCfg = Debug|Win32
		{D44AB61B-6F97-4DD2-ADE6-90517E281DBB}.Debug|Win32.Build.0 = Debug|Win32
		{D44AB61B-6F97-4DD2-ADE6-90517E281DBB}.Release|Win32.ActiveCfg = Release|Win32
		{D44AB61B-6F97-4DD2-ADE6-90517E281DBB}.Release|Win32.Build.0 = Release|Win32
	EndGlobalSection
	GlobalSection(SolutionProperties) = preSolution
		HideSolutionNode = FALSE
	EndGlobalSection
EndGlobal
