
Microsoft Visual Studio Solution File, Format Version 12.00
# Visual Studio 2012
Project("{8BC9CEB8-8B4A-11D0-8D11-00A0C91BC942}") = "Sysprog_Lab3", "Sysprog_Lab3\Sysprog_Lab3.vcxproj", "{DECB8465-B5C5-48B5-8D3F-C803963942ED}"
EndProject
Global
	GlobalSection(SolutionConfigurationPlatforms) = preSolution
		Debug|Win32 = Debug|Win32
		Release|Win32 = Release|Win32
	EndGlobalSection
	GlobalSection(ProjectConfigurationPlatforms) = postSolution
		{DECB8465-B5C5-48B5-8D3F-C803963942ED}.Debug|Win32.ActiveCfg = Debug|Win32
		{DECB8465-B5C5-48B5-8D3F-C803963942ED}.Debug|Win32.Build.0 = Debug|Win32
		{DECB8465-B5C5-48B5-8D3F-C803963942ED}.Release|Win32.ActiveCfg = Release|Win32
		{DECB8465-B5C5-48B5-8D3F-C803963942ED}.Release|Win32.Build.0 = Release|Win32
	EndGlobalSection
	GlobalSection(SolutionProperties) = preSolution
		HideSolutionNode = FALSE
	EndGlobalSection
EndGlobal
