
Microsoft Visual Studio Solution File, Format Version 12.00
# Visual Studio 2012
Project("{8BC9CEB8-8B4A-11D0-8D11-00A0C91BC942}") = "FLIP", "FLIP\FLIP.vcxproj", "{4280EF8B-DE4D-4F25-A3C4-07A15784AE66}"
EndProject
Project("{8BC9CEB8-8B4A-11D0-8D11-00A0C91BC942}") = "UnitTestFLIP", "UnitTestFLIP\UnitTestFLIP.vcxproj", "{463EB635-F051-4B52-B0C3-E0A6212039AE}"
EndProject
Global
	GlobalSection(SolutionConfigurationPlatforms) = preSolution
		Debug|Win32 = Debug|Win32
		Release|Win32 = Release|Win32
	EndGlobalSection
	GlobalSection(ProjectConfigurationPlatforms) = postSolution
		{4280EF8B-DE4D-4F25-A3C4-07A15784AE66}.Debug|Win32.ActiveCfg = Debug|Win32
		{4280EF8B-DE4D-4F25-A3C4-07A15784AE66}.Debug|Win32.Build.0 = Debug|Win32
		{4280EF8B-DE4D-4F25-A3C4-07A15784AE66}.Release|Win32.ActiveCfg = Release|Win32
		{4280EF8B-DE4D-4F25-A3C4-07A15784AE66}.Release|Win32.Build.0 = Release|Win32
		{463EB635-F051-4B52-B0C3-E0A6212039AE}.Debug|Win32.ActiveCfg = Debug|Win32
		{463EB635-F051-4B52-B0C3-E0A6212039AE}.Debug|Win32.Build.0 = Debug|Win32
		{463EB635-F051-4B52-B0C3-E0A6212039AE}.Release|Win32.ActiveCfg = Release|Win32
		{463EB635-F051-4B52-B0C3-E0A6212039AE}.Release|Win32.Build.0 = Release|Win32
	EndGlobalSection
	GlobalSection(SolutionProperties) = preSolution
		HideSolutionNode = FALSE
	EndGlobalSection
EndGlobal
