<?xml version="1.0" encoding="utf-8"?>
<Project ToolsVersion="4.0" xmlns="http://schemas.microsoft.com/developer/msbuild/2003">
  <ItemGroup>
    <Filter Include="Source Files">
      <UniqueIdentifier>{20b0d8d6-9999-46a5-bbe1-9bc0e961a592}</UniqueIdentifier>
      <Extensions>cpp;c;cxx;rc;def;r;odl;idl;hpj;bat</Extensions>
    </Filter>
    <Filter Include="Header Files">
      <UniqueIdentifier>{b2d01f3c-67d5-4f0f-8937-56f0007c678e}</UniqueIdentifier>
      <Extensions>h;hpp;hxx;hm;inl</Extensions>
    </Filter>
    <Filter Include="Resource Files">
      <UniqueIdentifier>{bdfb56b6-af19-40b2-8043-664c02526440}</UniqueIdentifier>
      <Extensions>ico;cur;bmp;dlg;rc2;rct;bin;rgs;gif;jpg;jpeg;jpe</Extensions>
    </Filter>
  </ItemGroup>
  <ItemGroup>
    <ClCompile Include="..\spLb4\index.cpp">
      <Filter>Source Files</Filter>
    </ClCompile>
    <ClCompile Include="..\spLb4\langio.cpp">
      <Filter>Source Files</Filter>
    </ClCompile>
    <ClCompile Include="..\spLb4\lexan.cpp">
      <Filter>Source Files</Filter>
    </ClCompile>
    <ClCompile Include="operSpc.cpp">
      <Filter>Source Files</Filter>
    </ClCompile>
    <ClCompile Include="parpC.cpp">
      <Filter>Source Files</Filter>
    </ClCompile>
    <ClCompile Include="parpP.cpp">
      <Filter>Source Files</Filter>
    </ClCompile>
    <ClCompile Include="..\spLb4\parsC.cpp">
      <Filter>Source Files</Filter>
    </ClCompile>
    <ClCompile Include="..\spLb4\parsP.cpp">
      <Filter>Source Files</Filter>
    </ClCompile>
    <ClCompile Include="spLb5.cpp">
      <Filter>Source Files</Filter>
    </ClCompile>
    <ClCompile Include="StdAfx.cpp">
      <Filter>Source Files</Filter>
    </ClCompile>
    <ClCompile Include="syntaxP.cpp">
      <Filter>Source Files</Filter>
    </ClCompile>
    <ClCompile Include="..\spLb4\tables.cpp">
      <Filter>Source Files</Filter>
    </ClCompile>
    <ClCompile Include="..\spLb3\visgrp.cpp">
      <Filter>Source Files</Filter>
    </ClCompile>
  </ItemGroup>
  <ItemGroup>
    <ClInclude Include="StdAfx.h">
      <Filter>Header Files</Filter>
    </ClInclude>
    <ClInclude Include="syntaxP.h">
      <Filter>Header Files</Filter>
    </ClInclude>
  </ItemGroup>
  <ItemGroup>
    <None Include="ReadMe.txt" />
  </ItemGroup>
</Project>