
Microsoft Visual Studio Solution File, Format Version 10.00
# Visual Studio 2008
Project("{8BC9CEB8-8B4A-11D0-8D11-00A0C91BC942}") = "spLb1", "spLb1.vcproj", "{16C9B48A-29F6-47DB-BFB1-46A115269023}"
EndProject
Project("{8BC9CEB8-8B4A-11D0-8D11-00A0C91BC942}") = "spLb2", "spLb2\spLb2.vcproj", "{DEB78FFE-46F2-4CBE-9145-91A0002B92CA}"
EndProject
Project("{8BC9CEB8-8B4A-11D0-8D11-00A0C91BC942}") = "spLb3", "spLb3\spLb3.vcproj", "{2BDEE633-C4B7-4C0E-9F69-5EE72ABFCCE2}"
EndProject
Project("{8BC9CEB8-8B4A-11D0-8D11-00A0C91BC942}") = "spLb4", "spLb4\spLb4.vcproj", "{C903456C-6120-4378-89DB-E1D4A2DC2BAE}"
EndProject
Project("{8BC9CEB8-8B4A-11D0-8D11-00A0C91BC942}") = "spLb5", "spLb5\spLb5.vcproj", "{20C2D946-A4D0-4C38-A9D4-4E5725D5D140}"
EndProject
Project("{8BC9CEB8-8B4A-11D0-8D11-00A0C91BC942}") = "spLb7", "spLb7\spLb7.vcproj", "{F965E5F9-0758-4411-B37C-8F80B0DA8AA7}"
EndProject
Project("{8BC9CEB8-8B4A-11D0-8D11-00A0C91BC942}") = "spLb8", "spLb8\spLb8.vcproj", "{15E7F201-D6B0-4F18-B7A5-CA3F40C951DF}"
EndProject
Project("{8BC9CEB8-8B4A-11D0-8D11-00A0C91BC942}") = "spLb9", "spLb9\spLb9.vcproj", "{432D1084-D10A-4DAF-8D6E-3D9C2761BDAC}"
EndProject
Project("{059D6162-CD51-11D0-AE1F-00A0C90FFFC3}") = "spLb9c", "spLb9c\spLb9c.dsp", "{BA6C267F-E429-4E9E-A7D8-B8CA5F657B30}"
EndProject
Global
	GlobalSection(SolutionConfigurationPlatforms) = preSolution
		Debug|Win32 = Debug|Win32
		Release|Win32 = Release|Win32
	EndGlobalSection
	GlobalSection(ProjectConfigurationPlatforms) = postSolution
		{16C9B48A-29F6-47DB-BFB1-46A115269023}.Debug|Win32.ActiveCfg = Debug|Win32
		{16C9B48A-29F6-47DB-BFB1-46A115269023}.Debug|Win32.Build.0 = Debug|Win32
		{16C9B48A-29F6-47DB-BFB1-46A115269023}.Release|Win32.ActiveCfg = Release|Win32
		{16C9B48A-29F6-47DB-BFB1-46A115269023}.Release|Win32.Build.0 = Release|Win32
		{DEB78FFE-46F2-4CBE-9145-91A0002B92CA}.Debug|Win32.ActiveCfg = Debug|Win32
		{DEB78FFE-46F2-4CBE-9145-91A0002B92CA}.Debug|Win32.Build.0 = Debug|Win32
		{DEB78FFE-46F2-4CBE-9145-91A0002B92CA}.Release|Win32.ActiveCfg = Release|Win32
		{DEB78FFE-46F2-4CBE-9145-91A0002B92CA}.Release|Win32.Build.0 = Release|Win32
		{2BDEE633-C4B7-4C0E-9F69-5EE72ABFCCE2}.Debug|Win32.ActiveCfg = Debug|Win32
		{2BDEE633-C4B7-4C0E-9F69-5EE72ABFCCE2}.Debug|Win32.Build.0 = Debug|Win32
		{2BDEE633-C4B7-4C0E-9F69-5EE72ABFCCE2}.Release|Win32.ActiveCfg = Release|Win32
		{2BDEE633-C4B7-4C0E-9F69-5EE72ABFCCE2}.Release|Win32.Build.0 = Release|Win32
		{C903456C-6120-4378-89DB-E1D4A2DC2BAE}.Debug|Win32.ActiveCfg = Debug|Win32
		{C903456C-6120-4378-89DB-E1D4A2DC2BAE}.Debug|Win32.Build.0 = Debug|Win32
		{C903456C-6120-4378-89DB-E1D4A2DC2BAE}.Release|Win32.ActiveCfg = Release|Win32
		{C903456C-6120-4378-89DB-E1D4A2DC2BAE}.Release|Win32.Build.0 = Release|Win32
		{20C2D946-A4D0-4C38-A9D4-4E5725D5D140}.Debug|Win32.ActiveCfg = Debug|Win32
		{20C2D946-A4D0-4C38-A9D4-4E5725D5D140}.Debug|Win32.Build.0 = Debug|Win32
		{20C2D946-A4D0-4C38-A9D4-4E5725D5D140}.Release|Win32.ActiveCfg = Release|Win32
		{20C2D946-A4D0-4C38-A9D4-4E5725D5D140}.Release|Win32.Build.0 = Release|Win32
		{F965E5F9-0758-4411-B37C-8F80B0DA8AA7}.Debug|Win32.ActiveCfg = Debug|Win32
		{F965E5F9-0758-4411-B37C-8F80B0DA8AA7}.Debug|Win32.Build.0 = Debug|Win32
		{F965E5F9-0758-4411-B37C-8F80B0DA8AA7}.Release|Win32.ActiveCfg = Release|Win32
		{F965E5F9-0758-4411-B37C-8F80B0DA8AA7}.Release|Win32.Build.0 = Release|Win32
		{15E7F201-D6B0-4F18-B7A5-CA3F40C951DF}.Debug|Win32.ActiveCfg = Debug|Win32
		{15E7F201-D6B0-4F18-B7A5-CA3F40C951DF}.Debug|Win32.Build.0 = Debug|Win32
		{15E7F201-D6B0-4F18-B7A5-CA3F40C951DF}.Release|Win32.ActiveCfg = Release|Win32
		{15E7F201-D6B0-4F18-B7A5-CA3F40C951DF}.Release|Win32.Build.0 = Release|Win32
		{432D1084-D10A-4DAF-8D6E-3D9C2761BDAC}.Debug|Win32.ActiveCfg = Debug|Win32
		{432D1084-D10A-4DAF-8D6E-3D9C2761BDAC}.Debug|Win32.Build.0 = Debug|Win32
		{432D1084-D10A-4DAF-8D6E-3D9C2761BDAC}.Release|Win32.ActiveCfg = Release|Win32
		{432D1084-D10A-4DAF-8D6E-3D9C2761BDAC}.Release|Win32.Build.0 = Release|Win32
	EndGlobalSection
	GlobalSection(SolutionProperties) = preSolution
		HideSolutionNode = FALSE
	EndGlobalSection
EndGlobal
