
Microsoft Visual Studio Solution File, Format Version 12.00
# Visual Studio 14
VisualStudioVersion = 14.0.23107.0
MinimumVisualStudioVersion = 10.0.40219.1
Project("{8BC9CEB8-8B4A-11D0-8D11-00A0C91BC942}") = "Лаба3_2", "Лаба3_2\Лаба3_2.vcxproj", "{0D988FC7-9CB3-466A-B1AF-7AD3D63C4C4E}"
EndProject
Global
	GlobalSection(SolutionConfigurationPlatforms) = preSolution
		Debug|x64 = Debug|x64
		Debug|x86 = Debug|x86
		Release|x64 = Release|x64
		Release|x86 = Release|x86
	EndGlobalSection
	GlobalSection(ProjectConfigurationPlatforms) = postSolution
		{0D988FC7-9CB3-466A-B1AF-7AD3D63C4C4E}.Debug|x64.ActiveCfg = Debug|x64
		{0D988FC7-9CB3-466A-B1AF-7AD3D63C4C4E}.Debug|x64.Build.0 = Debug|x64
		{0D988FC7-9CB3-466A-B1AF-7AD3D63C4C4E}.Debug|x86.ActiveCfg = Debug|Win32
		{0D988FC7-9CB3-466A-B1AF-7AD3D63C4C4E}.Debug|x86.Build.0 = Debug|Win32
		{0D988FC7-9CB3-466A-B1AF-7AD3D63C4C4E}.Release|x64.ActiveCfg = Release|x64
		{0D988FC7-9CB3-466A-B1AF-7AD3D63C4C4E}.Release|x64.Build.0 = Release|x64
		{0D988FC7-9CB3-466A-B1AF-7AD3D63C4C4E}.Release|x86.ActiveCfg = Release|Win32
		{0D988FC7-9CB3-466A-B1AF-7AD3D63C4C4E}.Release|x86.Build.0 = Release|Win32
	EndGlobalSection
	GlobalSection(SolutionProperties) = preSolution
		HideSolutionNode = FALSE
	EndGlobalSection
EndGlobal
