
Microsoft Visual Studio Solution File, Format Version 9.00
# Visual Studio 2005
Project("{FAE04EC0-301F-11D3-BF4B-00C04F79EFBC}") = "PROIILab3", "PROIILab3\PROIILab3.csproj", "{04C2F586-2D99-4A8E-B067-D93E88D74472}"
EndProject
Global
	GlobalSection(SolutionConfigurationPlatforms) = preSolution
		Debug|Any CPU = Debug|Any CPU
		Release|Any CPU = Release|Any CPU
	EndGlobalSection
	GlobalSection(ProjectConfigurationPlatforms) = postSolution
		{04C2F586-2D99-4A8E-B067-D93E88D74472}.Debug|Any CPU.ActiveCfg = Debug|Any CPU
		{04C2F586-2D99-4A8E-B067-D93E88D74472}.Debug|Any CPU.Build.0 = Debug|Any CPU
		{04C2F586-2D99-4A8E-B067-D93E88D74472}.Release|Any CPU.ActiveCfg = Release|Any CPU
		{04C2F586-2D99-4A8E-B067-D93E88D74472}.Release|Any CPU.Build.0 = Release|Any CPU
	EndGlobalSection
	GlobalSection(SolutionProperties) = preSolution
		HideSolutionNode = FALSE
	EndGlobalSection
EndGlobal
