
Microsoft Visual Studio Solution File, Format Version 11.00
# Visual Studio 2010
Project("{8BC9CEB8-8B4A-11D0-8D11-00A0C91BC942}") = "PROLab5Clon", "PROLab5Clon\PROLab5Clon.vcxproj", "{BCC802AA-E3CA-4366-AABB-1B12F8621B91}"
EndProject
Global
	GlobalSection(SolutionConfigurationPlatforms) = preSolution
		Debug|Win32 = Debug|Win32
		Release|Win32 = Release|Win32
	EndGlobalSection
	GlobalSection(ProjectConfigurationPlatforms) = postSolution
		{BCC802AA-E3CA-4366-AABB-1B12F8621B91}.Debug|Win32.ActiveCfg = Debug|Win32
		{BCC802AA-E3CA-4366-AABB-1B12F8621B91}.Debug|Win32.Build.0 = Debug|Win32
		{BCC802AA-E3CA-4366-AABB-1B12F8621B91}.Release|Win32.ActiveCfg = Release|Win32
		{BCC802AA-E3CA-4366-AABB-1B12F8621B91}.Release|Win32.Build.0 = Release|Win32
	EndGlobalSection
	GlobalSection(SolutionProperties) = preSolution
		HideSolutionNode = FALSE
	EndGlobalSection
EndGlobal
