
Microsoft Visual Studio Solution File, Format Version 10.00
# Visual Studio 2008
Project("{8BC9CEB8-8B4A-11D0-8D11-00A0C91BC942}") = "AgingModelDebug", "AgingModelDebug\AgingModelDebug.vcproj", "{7586B044-3ABB-459E-A0ED-8B9FA1F9B84B}"
EndProject
Global
	GlobalSection(SolutionConfigurationPlatforms) = preSolution
		Debug|Win32 = Debug|Win32
		Release|Win32 = Release|Win32
	EndGlobalSection
	GlobalSection(ProjectConfigurationPlatforms) = postSolution
		{7586B044-3ABB-459E-A0ED-8B9FA1F9B84B}.Debug|Win32.ActiveCfg = Debug|Win32
		{7586B044-3ABB-459E-A0ED-8B9FA1F9B84B}.Debug|Win32.Build.0 = Debug|Win32
		{7586B044-3ABB-459E-A0ED-8B9FA1F9B84B}.Release|Win32.ActiveCfg = Release|Win32
		{7586B044-3ABB-459E-A0ED-8B9FA1F9B84B}.Release|Win32.Build.0 = Release|Win32
	EndGlobalSection
	GlobalSection(SolutionProperties) = preSolution
		HideSolutionNode = FALSE
	EndGlobalSection
EndGlobal
