<?xml version="1.0" encoding="utf-8"?>
<Project ToolsVersion="4.0" xmlns="http://schemas.microsoft.com/developer/msbuild/2003">
  <ItemGroup>
    <Filter Include="Source Files">
      <UniqueIdentifier>{54b75769-9852-4b9d-97ab-e382f73c3f18}</UniqueIdentifier>
      <Extensions>cpp;c;cxx;rc;def;r;odl;idl;hpj;bat</Extensions>
    </Filter>
    <Filter Include="Header Files">
      <UniqueIdentifier>{bca030e0-0fd9-46ae-b0f4-49951728b7ab}</UniqueIdentifier>
      <Extensions>h;hpp;hxx;hm;inl</Extensions>
    </Filter>
    <Filter Include="Resource Files">
      <UniqueIdentifier>{9f709d89-20f8-433a-b9ab-ab98305a7622}</UniqueIdentifier>
      <Extensions>ico;cur;bmp;dlg;rc2;rct;bin;rgs;gif;jpg;jpeg;jpe</Extensions>
    </Filter>
  </ItemGroup>
  <ItemGroup>
    <ClCompile Include="..\spLb4\index.cpp">
      <Filter>Source Files</Filter>
    </ClCompile>
    <ClCompile Include="interp.cpp">
      <Filter>Source Files</Filter>
    </ClCompile>
    <ClCompile Include="interpF.cpp">
      <Filter>Source Files</Filter>
    </ClCompile>
    <ClCompile Include="..\spLb4\langio.cpp">
      <Filter>Source Files</Filter>
    </ClCompile>
    <ClCompile Include="..\spLb4\lexan.cpp">
      <Filter>Source Files</Filter>
    </ClCompile>
    <ClCompile Include="..\spLb7\lexcalc.cpp">
      <Filter>Source Files</Filter>
    </ClCompile>
    <ClCompile Include="..\spLb5\operSpc.cpp">
      <Filter>Source Files</Filter>
    </ClCompile>
    <ClCompile Include="..\spLb5\parpC.cpp">
      <Filter>Source Files</Filter>
    </ClCompile>
    <ClCompile Include="..\spLb5\parpP.cpp">
      <Filter>Source Files</Filter>
    </ClCompile>
    <ClCompile Include="..\spLb4\parsC.cpp">
      <Filter>Source Files</Filter>
    </ClCompile>
    <ClCompile Include="..\spLb4\parsP.cpp">
      <Filter>Source Files</Filter>
    </ClCompile>
    <ClCompile Include="..\spLb4\parsV.cpp">
      <Filter>Source Files</Filter>
    </ClCompile>
    <ClCompile Include="..\spLb7\seman.cpp">
      <Filter>Source Files</Filter>
    </ClCompile>
    <ClCompile Include="semanT.cpp">
      <Filter>Source Files</Filter>
    </ClCompile>
    <ClCompile Include="spLb8.cpp">
      <Filter>Source Files</Filter>
    </ClCompile>
    <ClCompile Include="StdAfx.cpp">
      <Filter>Source Files</Filter>
    </ClCompile>
    <ClCompile Include="..\spLb5\syntaxP.cpp">
      <Filter>Source Files</Filter>
    </ClCompile>
    <ClCompile Include="..\spLb4\tables.cpp">
      <Filter>Source Files</Filter>
    </ClCompile>
    <ClCompile Include="..\spLb3\visgrp.cpp">
      <Filter>Source Files</Filter>
    </ClCompile>
  </ItemGroup>
  <ItemGroup>
    <ClInclude Include="interp.h">
      <Filter>Header Files</Filter>
    </ClInclude>
    <ClInclude Include="interpF.h">
      <Filter>Header Files</Filter>
    </ClInclude>
    <ClInclude Include="StdAfx.h">
      <Filter>Header Files</Filter>
    </ClInclude>
  </ItemGroup>
  <ItemGroup>
    <CustomBuild Include="ReadMe.txt" />
  </ItemGroup>
</Project>