<?xml version="1.0"?>
<CONFIG>
  <ProjectOptions>
    <Version Value="9"/>
    <PathDelim Value="\"/>
    <General>
      <SessionStorage Value="InProjectDir"/>
      <MainUnit Value="0"/>
      <Title Value="Lab1"/>
      <ResourceType Value="res"/>
      <UseXPManifest Value="True"/>
    </General>
    <i18n>
      <EnableI18N LFM="False"/>
    </i18n>
    <VersionInfo>
      <StringTable ProductVersion=""/>
    </VersionInfo>
    <BuildModes Count="1">
      <Item1 Name="Default" Default="True"/>
    </BuildModes>
    <PublishOptions>
      <Version Value="2"/>
      <DestinationDirectory Value="C:\DMLABS\FINAL\LAB1_Project"/>
      <IncludeFileFilter Value="*.(pas|pp|inc|lfm|lpr|lrs|lpi|lpk|sh|xml)"/>
      <ExcludeFileFilter Value="*.(bak|ppu|o|so);*~;backup"/>
    </PublishOptions>
    <RunParams>
      <local>
        <FormatVersion Value="1"/>
      </local>
    </RunParams>
    <RequiredPackages Count="1">
      <Item1>
        <PackageName Value="LCL"/>
      </Item1>
    </RequiredPackages>
    <Units Count="13">
      <Unit0>
        <Filename Value="Lab1.lpr"/>
        <IsPartOfProject Value="True"/>
        <UnitName Value="Lab1"/>
      </Unit0>
      <Unit1>
        <Filename Value="unit1.pas"/>
        <IsPartOfProject Value="True"/>
        <ComponentName Value="MainForm"/>
        <HasResources Value="True"/>
        <ResourceBaseClass Value="Form"/>
        <UnitName Value="Unit1"/>
      </Unit1>
      <Unit2>
        <Filename Value="unit2.pas"/>
        <IsPartOfProject Value="True"/>
        <ComponentName Value="Inp0Form"/>
        <HasResources Value="True"/>
        <ResourceBaseClass Value="Form"/>
        <UnitName Value="Unit2"/>
      </Unit2>
      <Unit3>
        <Filename Value="unit3.pas"/>
        <IsPartOfProject Value="True"/>
        <ComponentName Value="Inp1Form"/>
        <HasResources Value="True"/>
        <ResourceBaseClass Value="Form"/>
        <UnitName Value="Unit3"/>
      </Unit3>
      <Unit4>
        <Filename Value="unit4.pas"/>
        <IsPartOfProject Value="True"/>
        <ComponentName Value="Inp2Form"/>
        <HasResources Value="True"/>
        <ResourceBaseClass Value="Form"/>
        <UnitName Value="Unit4"/>
      </Unit4>
      <Unit5>
        <Filename Value="unit5.pas"/>
        <IsPartOfProject Value="True"/>
        <ComponentName Value="Inp3Form"/>
        <HasResources Value="True"/>
        <ResourceBaseClass Value="Form"/>
        <UnitName Value="Unit5"/>
      </Unit5>
      <Unit6>
        <Filename Value="unit6.pas"/>
        <IsPartOfProject Value="True"/>
        <ComponentName Value="Inp4Form"/>
        <HasResources Value="True"/>
        <ResourceBaseClass Value="Form"/>
        <UnitName Value="Unit6"/>
      </Unit6>
      <Unit7>
        <Filename Value="unit7.pas"/>
        <IsPartOfProject Value="True"/>
        <ComponentName Value="Inp5Form"/>
        <HasResources Value="True"/>
        <ResourceBaseClass Value="Form"/>
        <UnitName Value="Unit7"/>
      </Unit7>
      <Unit8>
        <Filename Value="unit8.pas"/>
        <IsPartOfProject Value="True"/>
        <ComponentName Value="Inp6Form"/>
        <HasResources Value="True"/>
        <ResourceBaseClass Value="Form"/>
        <UnitName Value="Unit8"/>
      </Unit8>
      <Unit9>
        <Filename Value="unit9.pas"/>
        <IsPartOfProject Value="True"/>
        <ComponentName Value="Inp7Form"/>
        <HasResources Value="True"/>
        <ResourceBaseClass Value="Form"/>
        <UnitName Value="Unit9"/>
      </Unit9>
      <Unit10>
        <Filename Value="unit10.pas"/>
        <IsPartOfProject Value="True"/>
        <ComponentName Value="Inp8Form"/>
        <HasResources Value="True"/>
        <ResourceBaseClass Value="Form"/>
        <UnitName Value="Unit10"/>
      </Unit10>
      <Unit11>
        <Filename Value="unit11.pas"/>
        <IsPartOfProject Value="True"/>
        <ComponentName Value="Inp9Form"/>
        <HasResources Value="True"/>
        <ResourceBaseClass Value="Form"/>
        <UnitName Value="Unit11"/>
      </Unit11>
      <Unit12>
        <Filename Value="unit12.pas"/>
        <IsPartOfProject Value="True"/>
        <ComponentName Value="OperForm"/>
        <HasResources Value="True"/>
        <ResourceBaseClass Value="Form"/>
        <UnitName Value="Unit12"/>
      </Unit12>
    </Units>
  </ProjectOptions>
  <CompilerOptions>
    <Version Value="11"/>
    <PathDelim Value="\"/>
    <Target>
      <Filename Value="Lab1"/>
    </Target>
    <SearchPaths>
      <IncludeFiles Value="$(ProjOutDir)"/>
      <UnitOutputDirectory Value="lib\$(TargetCPU)-$(TargetOS)"/>
    </SearchPaths>
    <Linking>
      <Options>
        <Win32>
          <GraphicApplication Value="True"/>
        </Win32>
      </Options>
    </Linking>
    <Other>
      <CompilerMessages>
        <MsgFileName Value=""/>
      </CompilerMessages>
      <CompilerPath Value="$(CompPath)"/>
    </Other>
  </CompilerOptions>
  <Debugging>
    <Exceptions Count="1">
      <Item1>
        <Name Value="EAccessViolation"/>
      </Item1>
    </Exceptions>
  </Debugging>
</CONFIG>
