
Microsoft Visual Studio Solution File, Format Version 11.00
# Visual Studio 2010
Project("{8BC9CEB8-8B4A-11D0-8D11-00A0C91BC942}") = "pro_lab6", "pro_lab6\pro_lab6.vcxproj", "{38136934-BC69-466A-935F-C45210EB876D}"
EndProject
Project("{8BC9CEB8-8B4A-11D0-8D11-00A0C91BC942}") = "test", "test\test.vcxproj", "{1D18B70E-E834-4A8D-AC84-9BD1A4ACE838}"
EndProject
Global
	GlobalSection(SolutionConfigurationPlatforms) = preSolution
		Debug|Win32 = Debug|Win32
		Release|Win32 = Release|Win32
	EndGlobalSection
	GlobalSection(ProjectConfigurationPlatforms) = postSolution
		{38136934-BC69-466A-935F-C45210EB876D}.Debug|Win32.ActiveCfg = Debug|Win32
		{38136934-BC69-466A-935F-C45210EB876D}.Debug|Win32.Build.0 = Debug|Win32
		{38136934-BC69-466A-935F-C45210EB876D}.Release|Win32.ActiveCfg = Release|Win32
		{38136934-BC69-466A-935F-C45210EB876D}.Release|Win32.Build.0 = Release|Win32
		{1D18B70E-E834-4A8D-AC84-9BD1A4ACE838}.Debug|Win32.ActiveCfg = Debug|Win32
		{1D18B70E-E834-4A8D-AC84-9BD1A4ACE838}.Debug|Win32.Build.0 = Debug|Win32
		{1D18B70E-E834-4A8D-AC84-9BD1A4ACE838}.Release|Win32.ActiveCfg = Release|Win32
		{1D18B70E-E834-4A8D-AC84-9BD1A4ACE838}.Release|Win32.Build.0 = Release|Win32
	EndGlobalSection
	GlobalSection(SolutionProperties) = preSolution
		HideSolutionNode = FALSE
	EndGlobalSection
EndGlobal
