
Microsoft Visual Studio Solution File, Format Version 11.00
# Visual Studio 2010
Project("{8BC9CEB8-8B4A-11D0-8D11-00A0C91BC942}") = "spLb1", "spLb1.vcxproj", "{A5737F67-2625-2023-AD5A-4F5A9BBA2D9B}"
EndProject
Project("{8BC9CEB8-8B4A-11D0-8D11-00A0C91BC942}") = "spLb2", "spLb2\spLb2.vcxproj", "{AEAFDD2B-8567-06F3-FEA1-43BBDE06185B}"
EndProject
Project("{8BC9CEB8-8B4A-11D0-8D11-00A0C91BC942}") = "spLb3", "spLb3\spLb3.vcxproj", "{73C6B128-DD82-391D-541B-8F33AF3DFFF2}"
EndProject
Project("{8BC9CEB8-8B4A-11D0-8D11-00A0C91BC942}") = "spLb4", "spLb4\spLb4.vcxproj", "{9BD5B10E-36C6-36EE-C3CC-6C43C794C7D0}"
EndProject
Project("{8BC9CEB8-8B4A-11D0-8D11-00A0C91BC942}") = "spLb5", "spLb5\spLb5.vcxproj", "{465EC7BA-F8EB-6E73-5EBA-2D26FCE88C01}"
EndProject
Project("{8BC9CEB8-8B4A-11D0-8D11-00A0C91BC942}") = "spLb7", "spLb7\spLb7.vcxproj", "{5B9F34F8-93CF-8FC0-ED71-8AABAB12F989}"
EndProject
Project("{8BC9CEB8-8B4A-11D0-8D11-00A0C91BC942}") = "spLb8", "spLb8\spLb8.vcxproj", "{026D6A2A-501A-EF0A-4DC7-0DB0A071D3FF}"
EndProject
Project("{8BC9CEB8-8B4A-11D0-8D11-00A0C91BC942}") = "spLb9", "spLb9\spLb9.vcxproj", "{F6CE6D47-B3A6-45BA-0A9A-433846179635}"
EndProject
Project("{8BC9CEB8-8B4A-11D0-8D11-00A0C91BC942}") = "spLb9c", "spLb9c\spLb9c.vcxproj", "{92DB86C1-ADDC-2329-AB11-CEE99A34270B}"
EndProject
Global
	GlobalSection(SolutionConfigurationPlatforms) = preSolution
		Debug|Win32 = Debug|Win32
		Release|Win32 = Release|Win32
		Template|Win32 = Template|Win32
	EndGlobalSection
	GlobalSection(ProjectConfigurationPlatforms) = postSolution
		{A5737F67-2625-2023-AD5A-4F5A9BBA2D9B}.Debug|Win32.ActiveCfg = Debug|Win32
		{A5737F67-2625-2023-AD5A-4F5A9BBA2D9B}.Debug|Win32.Build.0 = Debug|Win32
		{A5737F67-2625-2023-AD5A-4F5A9BBA2D9B}.Release|Win32.ActiveCfg = Release|Win32
		{A5737F67-2625-2023-AD5A-4F5A9BBA2D9B}.Release|Win32.Build.0 = Release|Win32
		{A5737F67-2625-2023-AD5A-4F5A9BBA2D9B}.Template|Win32.ActiveCfg = Release|Win32
		{A5737F67-2625-2023-AD5A-4F5A9BBA2D9B}.Template|Win32.Build.0 = Release|Win32
		{AEAFDD2B-8567-06F3-FEA1-43BBDE06185B}.Debug|Win32.ActiveCfg = Debug|Win32
		{AEAFDD2B-8567-06F3-FEA1-43BBDE06185B}.Debug|Win32.Build.0 = Debug|Win32
		{AEAFDD2B-8567-06F3-FEA1-43BBDE06185B}.Release|Win32.ActiveCfg = Release|Win32
		{AEAFDD2B-8567-06F3-FEA1-43BBDE06185B}.Release|Win32.Build.0 = Release|Win32
		{AEAFDD2B-8567-06F3-FEA1-43BBDE06185B}.Template|Win32.ActiveCfg = Template|Win32
		{AEAFDD2B-8567-06F3-FEA1-43BBDE06185B}.Template|Win32.Build.0 = Template|Win32
		{73C6B128-DD82-391D-541B-8F33AF3DFFF2}.Debug|Win32.ActiveCfg = Debug|Win32
		{73C6B128-DD82-391D-541B-8F33AF3DFFF2}.Debug|Win32.Build.0 = Debug|Win32
		{73C6B128-DD82-391D-541B-8F33AF3DFFF2}.Release|Win32.ActiveCfg = Release|Win32
		{73C6B128-DD82-391D-541B-8F33AF3DFFF2}.Release|Win32.Build.0 = Release|Win32
		{73C6B128-DD82-391D-541B-8F33AF3DFFF2}.Template|Win32.ActiveCfg = Template|Win32
		{73C6B128-DD82-391D-541B-8F33AF3DFFF2}.Template|Win32.Build.0 = Template|Win32
		{9BD5B10E-36C6-36EE-C3CC-6C43C794C7D0}.Debug|Win32.ActiveCfg = Debug|Win32
		{9BD5B10E-36C6-36EE-C3CC-6C43C794C7D0}.Debug|Win32.Build.0 = Debug|Win32
		{9BD5B10E-36C6-36EE-C3CC-6C43C794C7D0}.Release|Win32.ActiveCfg = Release|Win32
		{9BD5B10E-36C6-36EE-C3CC-6C43C794C7D0}.Release|Win32.Build.0 = Release|Win32
		{9BD5B10E-36C6-36EE-C3CC-6C43C794C7D0}.Template|Win32.ActiveCfg = Template|Win32
		{9BD5B10E-36C6-36EE-C3CC-6C43C794C7D0}.Template|Win32.Build.0 = Template|Win32
		{465EC7BA-F8EB-6E73-5EBA-2D26FCE88C01}.Debug|Win32.ActiveCfg = Debug|Win32
		{465EC7BA-F8EB-6E73-5EBA-2D26FCE88C01}.Debug|Win32.Build.0 = Debug|Win32
		{465EC7BA-F8EB-6E73-5EBA-2D26FCE88C01}.Release|Win32.ActiveCfg = Release|Win32
		{465EC7BA-F8EB-6E73-5EBA-2D26FCE88C01}.Release|Win32.Build.0 = Release|Win32
		{465EC7BA-F8EB-6E73-5EBA-2D26FCE88C01}.Template|Win32.ActiveCfg = Template|Win32
		{465EC7BA-F8EB-6E73-5EBA-2D26FCE88C01}.Template|Win32.Build.0 = Template|Win32
		{5B9F34F8-93CF-8FC0-ED71-8AABAB12F989}.Debug|Win32.ActiveCfg = Debug|Win32
		{5B9F34F8-93CF-8FC0-ED71-8AABAB12F989}.Debug|Win32.Build.0 = Debug|Win32
		{5B9F34F8-93CF-8FC0-ED71-8AABAB12F989}.Release|Win32.ActiveCfg = Release|Win32
		{5B9F34F8-93CF-8FC0-ED71-8AABAB12F989}.Release|Win32.Build.0 = Release|Win32
		{5B9F34F8-93CF-8FC0-ED71-8AABAB12F989}.Template|Win32.ActiveCfg = Template|Win32
		{5B9F34F8-93CF-8FC0-ED71-8AABAB12F989}.Template|Win32.Build.0 = Template|Win32
		{026D6A2A-501A-EF0A-4DC7-0DB0A071D3FF}.Debug|Win32.ActiveCfg = Debug|Win32
		{026D6A2A-501A-EF0A-4DC7-0DB0A071D3FF}.Debug|Win32.Build.0 = Debug|Win32
		{026D6A2A-501A-EF0A-4DC7-0DB0A071D3FF}.Release|Win32.ActiveCfg = Release|Win32
		{026D6A2A-501A-EF0A-4DC7-0DB0A071D3FF}.Release|Win32.Build.0 = Release|Win32
		{026D6A2A-501A-EF0A-4DC7-0DB0A071D3FF}.Template|Win32.ActiveCfg = Template|Win32
		{026D6A2A-501A-EF0A-4DC7-0DB0A071D3FF}.Template|Win32.Build.0 = Template|Win32
		{F6CE6D47-B3A6-45BA-0A9A-433846179635}.Debug|Win32.ActiveCfg = Debug|Win32
		{F6CE6D47-B3A6-45BA-0A9A-433846179635}.Debug|Win32.Build.0 = Debug|Win32
		{F6CE6D47-B3A6-45BA-0A9A-433846179635}.Release|Win32.ActiveCfg = Release|Win32
		{F6CE6D47-B3A6-45BA-0A9A-433846179635}.Release|Win32.Build.0 = Release|Win32
		{F6CE6D47-B3A6-45BA-0A9A-433846179635}.Template|Win32.ActiveCfg = Template|Win32
		{F6CE6D47-B3A6-45BA-0A9A-433846179635}.Template|Win32.Build.0 = Template|Win32
		{92DB86C1-ADDC-2329-AB11-CEE99A34270B}.Debug|Win32.ActiveCfg = Debug|Win32
		{92DB86C1-ADDC-2329-AB11-CEE99A34270B}.Debug|Win32.Build.0 = Debug|Win32
		{92DB86C1-ADDC-2329-AB11-CEE99A34270B}.Release|Win32.ActiveCfg = Release|Win32
		{92DB86C1-ADDC-2329-AB11-CEE99A34270B}.Release|Win32.Build.0 = Release|Win32
		{92DB86C1-ADDC-2329-AB11-CEE99A34270B}.Template|Win32.ActiveCfg = Template|Win32
		{92DB86C1-ADDC-2329-AB11-CEE99A34270B}.Template|Win32.Build.0 = Template|Win32
	EndGlobalSection
	GlobalSection(SolutionProperties) = preSolution
		HideSolutionNode = FALSE
	EndGlobalSection
EndGlobal
