
Microsoft Visual Studio Solution File, Format Version 10.00
# Visual Studio 2008
Project("{8BC9CEB8-8B4A-11D0-8D11-00A0C91BC942}") = "spLb1", "spLb1.vcproj", "{20AA39CC-DB23-4577-B256-F97E0AC1EE51}"
EndProject
Project("{8BC9CEB8-8B4A-11D0-8D11-00A0C91BC942}") = "spLb2", "spLb2\spLb2.vcproj", "{0A035414-5FA5-4515-A37F-B3C177DA9D97}"
EndProject
Project("{8BC9CEB8-8B4A-11D0-8D11-00A0C91BC942}") = "spLb3", "spLb3\spLb3.vcproj", "{5CFFA8FD-38A2-4226-A99E-A037DA607145}"
EndProject
Project("{8BC9CEB8-8B4A-11D0-8D11-00A0C91BC942}") = "spLb4", "spLb4\spLb4.vcproj", "{66CA5A6E-25CA-4F19-809F-A7F8512855E1}"
EndProject
Project("{8BC9CEB8-8B4A-11D0-8D11-00A0C91BC942}") = "spLb5", "spLb5\spLb5.vcproj", "{F6F7168E-568F-49CD-9662-8D6DD175B8A6}"
EndProject
Project("{8BC9CEB8-8B4A-11D0-8D11-00A0C91BC942}") = "spLb7", "spLb7\spLb7.vcproj", "{48BF5486-3D78-4254-B2D8-DF73424B18EE}"
EndProject
Project("{8BC9CEB8-8B4A-11D0-8D11-00A0C91BC942}") = "spLb8", "spLb8\spLb8.vcproj", "{4FBD0B08-1B43-4FC6-9BBD-0802372CE2EB}"
EndProject
Project("{8BC9CEB8-8B4A-11D0-8D11-00A0C91BC942}") = "spLb9", "spLb9\spLb9.vcproj", "{54A54D59-CB8F-4C4C-8043-F5F968D1259E}"
EndProject
Project("{8BC9CEB8-8B4A-11D0-8D11-00A0C91BC942}") = "spLb9c", "spLb9c\spLb9c.vcproj", "{DA4CDC6D-AD28-4690-ABC6-C9B1DF377D8A}"
EndProject
Global
	GlobalSection(SolutionConfigurationPlatforms) = preSolution
		Debug|Win32 = Debug|Win32
		Release|Win32 = Release|Win32
	EndGlobalSection
	GlobalSection(ProjectConfigurationPlatforms) = postSolution
		{20AA39CC-DB23-4577-B256-F97E0AC1EE51}.Debug|Win32.ActiveCfg = Debug|Win32
		{20AA39CC-DB23-4577-B256-F97E0AC1EE51}.Debug|Win32.Build.0 = Debug|Win32
		{20AA39CC-DB23-4577-B256-F97E0AC1EE51}.Release|Win32.ActiveCfg = Release|Win32
		{20AA39CC-DB23-4577-B256-F97E0AC1EE51}.Release|Win32.Build.0 = Release|Win32
		{0A035414-5FA5-4515-A37F-B3C177DA9D97}.Debug|Win32.ActiveCfg = Debug|Win32
		{0A035414-5FA5-4515-A37F-B3C177DA9D97}.Debug|Win32.Build.0 = Debug|Win32
		{0A035414-5FA5-4515-A37F-B3C177DA9D97}.Release|Win32.ActiveCfg = Release|Win32
		{0A035414-5FA5-4515-A37F-B3C177DA9D97}.Release|Win32.Build.0 = Release|Win32
		{5CFFA8FD-38A2-4226-A99E-A037DA607145}.Debug|Win32.ActiveCfg = Debug|Win32
		{5CFFA8FD-38A2-4226-A99E-A037DA607145}.Debug|Win32.Build.0 = Debug|Win32
		{5CFFA8FD-38A2-4226-A99E-A037DA607145}.Release|Win32.ActiveCfg = Release|Win32
		{5CFFA8FD-38A2-4226-A99E-A037DA607145}.Release|Win32.Build.0 = Release|Win32
		{66CA5A6E-25CA-4F19-809F-A7F8512855E1}.Debug|Win32.ActiveCfg = Debug|Win32
		{66CA5A6E-25CA-4F19-809F-A7F8512855E1}.Debug|Win32.Build.0 = Debug|Win32
		{66CA5A6E-25CA-4F19-809F-A7F8512855E1}.Release|Win32.ActiveCfg = Release|Win32
		{66CA5A6E-25CA-4F19-809F-A7F8512855E1}.Release|Win32.Build.0 = Release|Win32
		{F6F7168E-568F-49CD-9662-8D6DD175B8A6}.Debug|Win32.ActiveCfg = Debug|Win32
		{F6F7168E-568F-49CD-9662-8D6DD175B8A6}.Debug|Win32.Build.0 = Debug|Win32
		{F6F7168E-568F-49CD-9662-8D6DD175B8A6}.Release|Win32.ActiveCfg = Release|Win32
		{F6F7168E-568F-49CD-9662-8D6DD175B8A6}.Release|Win32.Build.0 = Release|Win32
		{48BF5486-3D78-4254-B2D8-DF73424B18EE}.Debug|Win32.ActiveCfg = Debug|Win32
		{48BF5486-3D78-4254-B2D8-DF73424B18EE}.Debug|Win32.Build.0 = Debug|Win32
		{48BF5486-3D78-4254-B2D8-DF73424B18EE}.Release|Win32.ActiveCfg = Release|Win32
		{48BF5486-3D78-4254-B2D8-DF73424B18EE}.Release|Win32.Build.0 = Release|Win32
		{4FBD0B08-1B43-4FC6-9BBD-0802372CE2EB}.Debug|Win32.ActiveCfg = Debug|Win32
		{4FBD0B08-1B43-4FC6-9BBD-0802372CE2EB}.Debug|Win32.Build.0 = Debug|Win32
		{4FBD0B08-1B43-4FC6-9BBD-0802372CE2EB}.Release|Win32.ActiveCfg = Release|Win32
		{4FBD0B08-1B43-4FC6-9BBD-0802372CE2EB}.Release|Win32.Build.0 = Release|Win32
		{54A54D59-CB8F-4C4C-8043-F5F968D1259E}.Debug|Win32.ActiveCfg = Debug|Win32
		{54A54D59-CB8F-4C4C-8043-F5F968D1259E}.Debug|Win32.Build.0 = Debug|Win32
		{54A54D59-CB8F-4C4C-8043-F5F968D1259E}.Release|Win32.ActiveCfg = Release|Win32
		{54A54D59-CB8F-4C4C-8043-F5F968D1259E}.Release|Win32.Build.0 = Release|Win32
		{DA4CDC6D-AD28-4690-ABC6-C9B1DF377D8A}.Debug|Win32.ActiveCfg = Debug|Win32
		{DA4CDC6D-AD28-4690-ABC6-C9B1DF377D8A}.Debug|Win32.Build.0 = Debug|Win32
		{DA4CDC6D-AD28-4690-ABC6-C9B1DF377D8A}.Release|Win32.ActiveCfg = Release|Win32
		{DA4CDC6D-AD28-4690-ABC6-C9B1DF377D8A}.Release|Win32.Build.0 = Release|Win32
	EndGlobalSection
	GlobalSection(SolutionProperties) = preSolution
		HideSolutionNode = FALSE
	EndGlobalSection
EndGlobal
