
Microsoft Visual Studio Solution File, Format Version 9.00
# Visual Studio 2005
Project("{8BC9CEB8-8B4A-11D0-8D11-00A0C91BC942}") = "laba7", "laba7\laba7.vcproj", "{43709353-434A-46C3-A3CE-04B48AC16B25}"
EndProject
Global
	GlobalSection(SolutionConfigurationPlatforms) = preSolution
		Debug|Win32 = Debug|Win32
		Release|Win32 = Release|Win32
	EndGlobalSection
	GlobalSection(ProjectConfigurationPlatforms) = postSolution
		{43709353-434A-46C3-A3CE-04B48AC16B25}.Debug|Win32.ActiveCfg = Debug|Win32
		{43709353-434A-46C3-A3CE-04B48AC16B25}.Debug|Win32.Build.0 = Debug|Win32
		{43709353-434A-46C3-A3CE-04B48AC16B25}.Release|Win32.ActiveCfg = Release|Win32
		{43709353-434A-46C3-A3CE-04B48AC16B25}.Release|Win32.Build.0 = Release|Win32
	EndGlobalSection
	GlobalSection(SolutionProperties) = preSolution
		HideSolutionNode = FALSE
	EndGlobalSection
EndGlobal
