
Microsoft Visual Studio Solution File, Format Version 9.00
# Visual Studio 2005
Project("{8BC9CEB8-8B4A-11D0-8D11-00A0C91BC942}") = "lr8-", "lr8-\lr8-.vcproj", "{24C0E75D-2D31-49E1-BD57-19EC7EF1F165}"
EndProject
Global
	GlobalSection(SolutionConfigurationPlatforms) = preSolution
		Debug|Win32 = Debug|Win32
		Release|Win32 = Release|Win32
	EndGlobalSection
	GlobalSection(ProjectConfigurationPlatforms) = postSolution
		{24C0E75D-2D31-49E1-BD57-19EC7EF1F165}.Debug|Win32.ActiveCfg = Debug|Win32
		{24C0E75D-2D31-49E1-BD57-19EC7EF1F165}.Debug|Win32.Build.0 = Debug|Win32
		{24C0E75D-2D31-49E1-BD57-19EC7EF1F165}.Release|Win32.ActiveCfg = Release|Win32
		{24C0E75D-2D31-49E1-BD57-19EC7EF1F165}.Release|Win32.Build.0 = Release|Win32
	EndGlobalSection
	GlobalSection(SolutionProperties) = preSolution
		HideSolutionNode = FALSE
	EndGlobalSection
EndGlobal
