
Microsoft Visual Studio Solution File, Format Version 11.00
# Visual C++ Express 2010
Project("{8BC9CEB8-8B4A-11D0-8D11-00A0C91BC942}") = "pro_laba_05", "pro_laba_05\pro_laba_05.vcxproj", "{D2954CD9-68C8-4EFC-B391-528697C60F9D}"
EndProject
Project("{8BC9CEB8-8B4A-11D0-8D11-00A0C91BC942}") = "pro_laba_06", "..\pro_laba_06\pro_laba_06\pro_laba_06.vcxproj", "{57605D86-AC3C-471B-AADB-A1AF273C7AB6}"
EndProject
Global
	GlobalSection(SolutionConfigurationPlatforms) = preSolution
		Debug|Win32 = Debug|Win32
		Release|Win32 = Release|Win32
	EndGlobalSection
	GlobalSection(ProjectConfigurationPlatforms) = postSolution
		{D2954CD9-68C8-4EFC-B391-528697C60F9D}.Debug|Win32.ActiveCfg = Debug|Win32
		{D2954CD9-68C8-4EFC-B391-528697C60F9D}.Debug|Win32.Build.0 = Debug|Win32
		{D2954CD9-68C8-4EFC-B391-528697C60F9D}.Release|Win32.ActiveCfg = Release|Win32
		{D2954CD9-68C8-4EFC-B391-528697C60F9D}.Release|Win32.Build.0 = Release|Win32
		{57605D86-AC3C-471B-AADB-A1AF273C7AB6}.Debug|Win32.ActiveCfg = Debug|Win32
		{57605D86-AC3C-471B-AADB-A1AF273C7AB6}.Debug|Win32.Build.0 = Debug|Win32
		{57605D86-AC3C-471B-AADB-A1AF273C7AB6}.Release|Win32.ActiveCfg = Release|Win32
		{57605D86-AC3C-471B-AADB-A1AF273C7AB6}.Release|Win32.Build.0 = Release|Win32
	EndGlobalSection
	GlobalSection(SolutionProperties) = preSolution
		HideSolutionNode = FALSE
	EndGlobalSection
EndGlobal
