
Microsoft Visual Studio Solution File, Format Version 12.00
# Visual Studio 2013
VisualStudioVersion = 12.0.30501.0
MinimumVisualStudioVersion = 10.0.40219.1
Project("{8BC9CEB8-8B4A-11D0-8D11-00A0C91BC942}") = "pro2_lab4", "pro2_lab4\pro2_lab4.vcxproj", "{804B0C45-8973-4A8D-92E7-54711924658A}"
EndProject
Global
	GlobalSection(SolutionConfigurationPlatforms) = preSolution
		Debug|Win32 = Debug|Win32
		Release|Win32 = Release|Win32
	EndGlobalSection
	GlobalSection(ProjectConfigurationPlatforms) = postSolution
		{804B0C45-8973-4A8D-92E7-54711924658A}.Debug|Win32.ActiveCfg = Debug|Win32
		{804B0C45-8973-4A8D-92E7-54711924658A}.Debug|Win32.Build.0 = Debug|Win32
		{804B0C45-8973-4A8D-92E7-54711924658A}.Release|Win32.ActiveCfg = Release|Win32
		{804B0C45-8973-4A8D-92E7-54711924658A}.Release|Win32.Build.0 = Release|Win32
	EndGlobalSection
	GlobalSection(SolutionProperties) = preSolution
		HideSolutionNode = FALSE
	EndGlobalSection
EndGlobal
