
Microsoft Visual Studio Solution File, Format Version 11.00
# Visual Studio 2010
Project("{8BC9CEB8-8B4A-11D0-8D11-00A0C91BC942}") = "Dima2", "Dima2\Dima2.vcxproj", "{273DA2E0-CE14-4BB3-A726-AA956C405561}"
EndProject
Global
	GlobalSection(SolutionConfigurationPlatforms) = preSolution
		Debug|Win32 = Debug|Win32
		Release|Win32 = Release|Win32
	EndGlobalSection
	GlobalSection(ProjectConfigurationPlatforms) = postSolution
		{273DA2E0-CE14-4BB3-A726-AA956C405561}.Debug|Win32.ActiveCfg = Debug|Win32
		{273DA2E0-CE14-4BB3-A726-AA956C405561}.Debug|Win32.Build.0 = Debug|Win32
		{273DA2E0-CE14-4BB3-A726-AA956C405561}.Release|Win32.ActiveCfg = Release|Win32
		{273DA2E0-CE14-4BB3-A726-AA956C405561}.Release|Win32.Build.0 = Release|Win32
	EndGlobalSection
	GlobalSection(SolutionProperties) = preSolution
		HideSolutionNode = FALSE
	EndGlobalSection
EndGlobal
