
Microsoft Visual Studio Solution File, Format Version 12.00
# Visual Studio 2012
Project("{8BC9CEB8-8B4A-11D0-8D11-00A0C91BC942}") = "pro2_lab2_naumova", "pro2_lab2_naumova\pro2_lab2_naumova.vcxproj", "{DC4D7BB3-1687-498A-82E5-39F5FCD5CAE6}"
EndProject
Global
	GlobalSection(SolutionConfigurationPlatforms) = preSolution
		Debug|Win32 = Debug|Win32
		Release|Win32 = Release|Win32
	EndGlobalSection
	GlobalSection(ProjectConfigurationPlatforms) = postSolution
		{DC4D7BB3-1687-498A-82E5-39F5FCD5CAE6}.Debug|Win32.ActiveCfg = Debug|Win32
		{DC4D7BB3-1687-498A-82E5-39F5FCD5CAE6}.Debug|Win32.Build.0 = Debug|Win32
		{DC4D7BB3-1687-498A-82E5-39F5FCD5CAE6}.Release|Win32.ActiveCfg = Release|Win32
		{DC4D7BB3-1687-498A-82E5-39F5FCD5CAE6}.Release|Win32.Build.0 = Release|Win32
	EndGlobalSection
	GlobalSection(SolutionProperties) = preSolution
		HideSolutionNode = FALSE
	EndGlobalSection
EndGlobal
