
Microsoft Visual Studio Solution File, Format Version 11.00
# Visual Studio 2010
Project("{8BC9CEB8-8B4A-11D0-8D11-00A0C91BC942}") = "PROIILab2", "PROIILab2\PROIILab2.vcxproj", "{B37342A6-00BD-4ADB-A81D-15E7B6295CAC}"
EndProject
Global
	GlobalSection(SolutionConfigurationPlatforms) = preSolution
		Debug|Win32 = Debug|Win32
		Release|Win32 = Release|Win32
	EndGlobalSection
	GlobalSection(ProjectConfigurationPlatforms) = postSolution
		{B37342A6-00BD-4ADB-A81D-15E7B6295CAC}.Debug|Win32.ActiveCfg = Debug|Win32
		{B37342A6-00BD-4ADB-A81D-15E7B6295CAC}.Debug|Win32.Build.0 = Debug|Win32
		{B37342A6-00BD-4ADB-A81D-15E7B6295CAC}.Release|Win32.ActiveCfg = Release|Win32
		{B37342A6-00BD-4ADB-A81D-15E7B6295CAC}.Release|Win32.Build.0 = Release|Win32
	EndGlobalSection
	GlobalSection(SolutionProperties) = preSolution
		HideSolutionNode = FALSE
	EndGlobalSection
EndGlobal
